
Microsoft Visual Studio Solution File, Format Version 12.00
# Visual Studio Version 17
VisualStudioVersion = 17.0.32014.148
MinimumVisualStudioVersion = 10.0.40219.1
Project("{FAE04EC0-301F-11D3-BF4B-00C04F79EFBC}") = "SluEmailScraper", "ScrapeSluPostdocEmails\SluEmailScraper.csproj", "{1F7C72E5-928A-4882-A91B-7B87A7A1B381}"
EndProject
Project("{FAE04EC0-301F-11D3-BF4B-00C04F79EFBC}") = "Tests", "Tests\Tests.csproj", "{22847C56-DF05-4E28-8215-73814C7A4715}"
EndProject
Global
	GlobalSection(SolutionConfigurationPlatforms) = preSolution
		Debug|Any CPU = Debug|Any CPU
		Release|Any CPU = Release|Any CPU
	EndGlobalSection
	GlobalSection(ProjectConfigurationPlatforms) = postSolution
		{1F7C72E5-928A-4882-A91B-7B87A7A1B381}.Debug|Any CPU.ActiveCfg = Debug|Any CPU
		{1F7C72E5-928A-4882-A91B-7B87A7A1B381}.Debug|Any CPU.Build.0 = Debug|Any CPU
		{1F7C72E5-928A-4882-A91B-7B87A7A1B381}.Release|Any CPU.ActiveCfg = Release|Any CPU
		{1F7C72E5-928A-4882-A91B-7B87A7A1B381}.Release|Any CPU.Build.0 = Release|Any CPU
		{22847C56-DF05-4E28-8215-73814C7A4715}.Debug|Any CPU.ActiveCfg = Debug|Any CPU
		{22847C56-DF05-4E28-8215-73814C7A4715}.Debug|Any CPU.Build.0 = Debug|Any CPU
		{22847C56-DF05-4E28-8215-73814C7A4715}.Release|Any CPU.ActiveCfg = Release|Any CPU
		{22847C56-DF05-4E28-8215-73814C7A4715}.Release|Any CPU.Build.0 = Release|Any CPU
	EndGlobalSection
	GlobalSection(SolutionProperties) = preSolution
		HideSolutionNode = FALSE
	EndGlobalSection
	GlobalSection(ExtensibilityGlobals) = postSolution
		SolutionGuid = {22CA20AE-026E-46CB-BA54-F7646E97B479}
	EndGlobalSection
EndGlobal
